
Microsoft Visual Studio Solution File, Format Version 12.00
# Visual Studio Version 16
VisualStudioVersion = 16.0.31729.503
MinimumVisualStudioVersion = 10.0.40219.1
Project("{FAE04EC0-301F-11D3-BF4B-00C04F79EFBC}") = "GUI", "GUI\GUI.csproj", "{AC02ECBC-FE0A-40F3-97AC-EEEBDDDC7C78}"
EndProject
Project("{FAE04EC0-301F-11D3-BF4B-00C04F79EFBC}") = "Logic", "Logic\Logic.csproj", "{5E6B5EE2-D335-4FD0-BF10-7316C6321427}"
EndProject
Project("{FAE04EC0-301F-11D3-BF4B-00C04F79EFBC}") = "Geometry", "Geometry\Geometry.csproj", "{5F901D0B-BC25-4D0A-8150-952C666D3A98}"
EndProject
Project("{FAE04EC0-301F-11D3-BF4B-00C04F79EFBC}") = "IO", "IO\IO.csproj", "{AB6D733A-E55C-417E-A695-F64B77D5DDB5}"
EndProject
Project("{2150E333-8FDC-42A3-9474-1A3956D46DE8}") = "Solution Items", "Solution Items", "{632073C6-602D-45F5-9815-21EF80FD02DD}"
	ProjectSection(SolutionItems) = preProject
		.editorconfig = .editorconfig
	EndProjectSection
EndProject
Project("{FAE04EC0-301F-11D3-BF4B-00C04F79EFBC}") = "Math", "Math\Math.csproj", "{EB090560-5D19-4482-9CA4-C60F4232243D}"
EndProject
Global
	GlobalSection(SolutionConfigurationPlatforms) = preSolution
		Debug|Any CPU = Debug|Any CPU
		Release|Any CPU = Release|Any CPU
	EndGlobalSection
	GlobalSection(ProjectConfigurationPlatforms) = postSolution
		{AC02ECBC-FE0A-40F3-97AC-EEEBDDDC7C78}.Debug|Any CPU.ActiveCfg = Debug|Any CPU
		{AC02ECBC-FE0A-40F3-97AC-EEEBDDDC7C78}.Debug|Any CPU.Build.0 = Debug|Any CPU
		{AC02ECBC-FE0A-40F3-97AC-EEEBDDDC7C78}.Release|Any CPU.ActiveCfg = Release|Any CPU
		{AC02ECBC-FE0A-40F3-97AC-EEEBDDDC7C78}.Release|Any CPU.Build.0 = Release|Any CPU
		{5E6B5EE2-D335-4FD0-BF10-7316C6321427}.Debug|Any CPU.ActiveCfg = Debug|Any CPU
		{5E6B5EE2-D335-4FD0-BF10-7316C6321427}.Debug|Any CPU.Build.0 = Debug|Any CPU
		{5E6B5EE2-D335-4FD0-BF10-7316C6321427}.Release|Any CPU.ActiveCfg = Release|Any CPU
		{5E6B5EE2-D335-4FD0-BF10-7316C6321427}.Release|Any CPU.Build.0 = Release|Any CPU
		{5F901D0B-BC25-4D0A-8150-952C666D3A98}.Debug|Any CPU.ActiveCfg = Debug|Any CPU
		{5F901D0B-BC25-4D0A-8150-952C666D3A98}.Debug|Any CPU.Build.0 = Debug|Any CPU
		{5F901D0B-BC25-4D0A-8150-952C666D3A98}.Release|Any CPU.ActiveCfg = Release|Any CPU
		{5F901D0B-BC25-4D0A-8150-952C666D3A98}.Release|Any CPU.Build.0 = Release|Any CPU
		{AB6D733A-E55C-417E-A695-F64B77D5DDB5}.Debug|Any CPU.ActiveCfg = Debug|Any CPU
		{AB6D733A-E55C-417E-A695-F64B77D5DDB5}.Debug|Any CPU.Build.0 = Debug|Any CPU
		{AB6D733A-E55C-417E-A695-F64B77D5DDB5}.Release|Any CPU.ActiveCfg = Release|Any CPU
		{AB6D733A-E55C-417E-A695-F64B77D5DDB5}.Release|Any CPU.Build.0 = Release|Any CPU
		{EB090560-5D19-4482-9CA4-C60F4232243D}.Debug|Any CPU.ActiveCfg = Debug|Any CPU
		{EB090560-5D19-4482-9CA4-C60F4232243D}.Debug|Any CPU.Build.0 = Debug|Any CPU
		{EB090560-5D19-4482-9CA4-C60F4232243D}.Release|Any CPU.ActiveCfg = Release|Any CPU
		{EB090560-5D19-4482-9CA4-C60F4232243D}.Release|Any CPU.Build.0 = Release|Any CPU
	EndGlobalSection
	GlobalSection(SolutionProperties) = preSolution
		HideSolutionNode = FALSE
	EndGlobalSection
	GlobalSection(ExtensibilityGlobals) = postSolution
		SolutionGuid = {9EA92CBF-AA6A-43C7-90DD-670B9F5D690E}
	EndGlobalSection
EndGlobal
