
Microsoft Visual Studio Solution File, Format Version 12.00
# Visual Studio Version 16
VisualStudioVersion = 16.0.31729.503
MinimumVisualStudioVersion = 10.0.40219.1
Project("{2150E333-8FDC-42A3-9474-1A3956D46DE8}") = "Solution Items", "Solution Items", "{632073C6-602D-45F5-9815-21EF80FD02DD}"
	ProjectSection(SolutionItems) = preProject
		.editorconfig = .editorconfig
		.gitignore = .gitignore
		.config\dotnet-tools.json = .config\dotnet-tools.json
		.github\workflows\github-ci.yml = .github\workflows\github-ci.yml
		README.md = README.md
	EndProjectSection
EndProject
Project("{9A19103F-16F7-4668-BE54-9A1E7A4F7556}") = "LinearAlgebra", "LinearAlgebra\LinearAlgebra.csproj", "{208CA92A-A51C-49FC-B59A-14C9A24CD231}"
EndProject
Project("{9A19103F-16F7-4668-BE54-9A1E7A4F7556}") = "Logic", "Logic\Logic.csproj", "{F92B4C27-2312-44B8-8850-7C3B9C7FC59B}"
EndProject
Project("{9A19103F-16F7-4668-BE54-9A1E7A4F7556}") = "Geometry", "Geometry\Geometry.csproj", "{591F5252-9343-4C25-8ABE-2F1E757AC581}"
EndProject
Project("{9A19103F-16F7-4668-BE54-9A1E7A4F7556}") = "IO", "IO\IO.csproj", "{F413AAA5-8FB7-44CD-92EE-D30E2DD4D30F}"
EndProject
Project("{9A19103F-16F7-4668-BE54-9A1E7A4F7556}") = "GUI", "GUI\GUI.csproj", "{CF4AC765-6403-4AAA-9354-CE5436D3ACFC}"
EndProject
Project("{9A19103F-16F7-4668-BE54-9A1E7A4F7556}") = "LinearAlgebra.Test", "LinearAlgebraTest\LinearAlgebra.Test.csproj", "{5A7BE459-4F25-4ABB-80A3-43FB364F7265}"
EndProject
Project("{9A19103F-16F7-4668-BE54-9A1E7A4F7556}") = "Geometry.Test", "Geometry.Test\Geometry.Test.csproj", "{4F528990-D11F-43EA-A96A-482F515ACC3C}"
EndProject
Global
	GlobalSection(SolutionConfigurationPlatforms) = preSolution
		Debug|Any CPU = Debug|Any CPU
		Release|Any CPU = Release|Any CPU
	EndGlobalSection
	GlobalSection(ProjectConfigurationPlatforms) = postSolution
		{208CA92A-A51C-49FC-B59A-14C9A24CD231}.Debug|Any CPU.ActiveCfg = Debug|Any CPU
		{208CA92A-A51C-49FC-B59A-14C9A24CD231}.Debug|Any CPU.Build.0 = Debug|Any CPU
		{208CA92A-A51C-49FC-B59A-14C9A24CD231}.Release|Any CPU.ActiveCfg = Release|Any CPU
		{208CA92A-A51C-49FC-B59A-14C9A24CD231}.Release|Any CPU.Build.0 = Release|Any CPU
		{F92B4C27-2312-44B8-8850-7C3B9C7FC59B}.Debug|Any CPU.ActiveCfg = Debug|Any CPU
		{F92B4C27-2312-44B8-8850-7C3B9C7FC59B}.Debug|Any CPU.Build.0 = Debug|Any CPU
		{F92B4C27-2312-44B8-8850-7C3B9C7FC59B}.Release|Any CPU.ActiveCfg = Release|Any CPU
		{F92B4C27-2312-44B8-8850-7C3B9C7FC59B}.Release|Any CPU.Build.0 = Release|Any CPU
		{591F5252-9343-4C25-8ABE-2F1E757AC581}.Debug|Any CPU.ActiveCfg = Debug|Any CPU
		{591F5252-9343-4C25-8ABE-2F1E757AC581}.Debug|Any CPU.Build.0 = Debug|Any CPU
		{591F5252-9343-4C25-8ABE-2F1E757AC581}.Release|Any CPU.ActiveCfg = Release|Any CPU
		{591F5252-9343-4C25-8ABE-2F1E757AC581}.Release|Any CPU.Build.0 = Release|Any CPU
		{F413AAA5-8FB7-44CD-92EE-D30E2DD4D30F}.Debug|Any CPU.ActiveCfg = Debug|Any CPU
		{F413AAA5-8FB7-44CD-92EE-D30E2DD4D30F}.Debug|Any CPU.Build.0 = Debug|Any CPU
		{F413AAA5-8FB7-44CD-92EE-D30E2DD4D30F}.Release|Any CPU.ActiveCfg = Release|Any CPU
		{F413AAA5-8FB7-44CD-92EE-D30E2DD4D30F}.Release|Any CPU.Build.0 = Release|Any CPU
		{CF4AC765-6403-4AAA-9354-CE5436D3ACFC}.Debug|Any CPU.ActiveCfg = Debug|Any CPU
		{CF4AC765-6403-4AAA-9354-CE5436D3ACFC}.Debug|Any CPU.Build.0 = Debug|Any CPU
		{CF4AC765-6403-4AAA-9354-CE5436D3ACFC}.Release|Any CPU.ActiveCfg = Release|Any CPU
		{CF4AC765-6403-4AAA-9354-CE5436D3ACFC}.Release|Any CPU.Build.0 = Release|Any CPU
		{5A7BE459-4F25-4ABB-80A3-43FB364F7265}.Debug|Any CPU.ActiveCfg = Debug|Any CPU
		{5A7BE459-4F25-4ABB-80A3-43FB364F7265}.Debug|Any CPU.Build.0 = Debug|Any CPU
		{5A7BE459-4F25-4ABB-80A3-43FB364F7265}.Release|Any CPU.ActiveCfg = Release|Any CPU
		{5A7BE459-4F25-4ABB-80A3-43FB364F7265}.Release|Any CPU.Build.0 = Release|Any CPU
		{4F528990-D11F-43EA-A96A-482F515ACC3C}.Debug|Any CPU.ActiveCfg = Debug|Any CPU
		{4F528990-D11F-43EA-A96A-482F515ACC3C}.Debug|Any CPU.Build.0 = Debug|Any CPU
		{4F528990-D11F-43EA-A96A-482F515ACC3C}.Release|Any CPU.ActiveCfg = Release|Any CPU
		{4F528990-D11F-43EA-A96A-482F515ACC3C}.Release|Any CPU.Build.0 = Release|Any CPU
	EndGlobalSection
	GlobalSection(SolutionProperties) = preSolution
		HideSolutionNode = FALSE
	EndGlobalSection
	GlobalSection(ExtensibilityGlobals) = postSolution
		SolutionGuid = {9EA92CBF-AA6A-43C7-90DD-670B9F5D690E}
	EndGlobalSection
EndGlobal
